<Solution>
  <Folder Name="/src/">
    <Project Path="src/SshWarden/SshWarden.csproj" />
    <Project Path="src/SshWarden.Mcp/SshWarden.Mcp.csproj" />
    <Project Path="src/SshWarden.OAuth/SshWarden.OAuth.csproj" />
  </Folder>
  <Folder Name="/hosts/">
    <Project Path="hosts/SshWarden.Server/SshWarden.Server.csproj" />
  </Folder>
  <Folder Name="/tests/">
    <Project Path="tests/SshWarden.Tests/SshWarden.Tests.csproj" />
    <Project Path="tests/SshWarden.OAuth.Tests/SshWarden.OAuth.Tests.csproj" />
    <Project Path="tests/SshWarden.Mcp.Tests/SshWarden.Mcp.Tests.csproj" />
    <Project Path="tests/SshWarden.Ssh.IntegrationTests/SshWarden.Ssh.IntegrationTests.csproj" />
  </Folder>
</Solution>
